<Solution>
  <Folder Name="/Libraries/">
    <Project Path="ApiClientBaseLibrary\ApiClientBaseLibrary.csproj" />
  </Folder>
  <Project Path="Application\Application.Client\Application.Client.csproj" />
  <Project Path="Application\Application\Application.csproj" />
  <Project Path="Domain\Domain.csproj" />
  <Project Path="Service\Service.csproj" />
</Solution>